
Microsoft Visual Studio Solution File, Format Version 12.00
# Visual Studio Version 16
VisualStudioVersion = 16.0.28922.388
MinimumVisualStudioVersion = 10.0.40219.1
Project("{FAE04EC0-301F-11D3-BF4B-00C04F79EFBC}") = "GatheringDay", "GatheringDay\GatheringDay.csproj", "{26DBCBFB-9A18-4E16-910D-843CC72B96EF}"
EndProject
Global
	GlobalSection(SolutionConfigurationPlatforms) = preSolution
		Debug|Any CPU = Debug|Any CPU
		Release|Any CPU = Release|Any CPU
	EndGlobalSection
	GlobalSection(ProjectConfigurationPlatforms) = postSolution
		{26DBCBFB-9A18-4E16-910D-843CC72B96EF}.Debug|Any CPU.ActiveCfg = Debug|Any CPU
		{26DBCBFB-9A18-4E16-910D-843CC72B96EF}.Debug|Any CPU.Build.0 = Debug|Any CPU
		{26DBCBFB-9A18-4E16-910D-843CC72B96EF}.Release|Any CPU.ActiveCfg = Release|Any CPU
		{26DBCBFB-9A18-4E16-910D-843CC72B96EF}.Release|Any CPU.Build.0 = Release|Any CPU
	EndGlobalSection
	GlobalSection(SolutionProperties) = preSolution
		HideSolutionNode = FALSE
	EndGlobalSection
	GlobalSection(ExtensibilityGlobals) = postSolution
		SolutionGuid = {B4151F0B-5290-4C09-91FB-E17BC73A0A4C}
	EndGlobalSection
EndGlobal
